
Microsoft Visual Studio Solution File, Format Version 12.00
# Visual Studio 15
VisualStudioVersion = 15.0.28307.645
MinimumVisualStudioVersion = 10.0.40219.1
Project("{FAE04EC0-301F-11D3-BF4B-00C04F79EFBC}") = "Craps", "Craps\Craps.csproj", "{A65D8805-4598-4FB9-8FD0-D066E2AFC27D}"
EndProject
Global
	GlobalSection(SolutionConfigurationPlatforms) = preSolution
		Debug|Any CPU = Debug|Any CPU
		Release|Any CPU = Release|Any CPU
	EndGlobalSection
	GlobalSection(ProjectConfigurationPlatforms) = postSolution
		{A65D8805-4598-4FB9-8FD0-D066E2AFC27D}.Debug|Any CPU.ActiveCfg = Debug|Any CPU
		{A65D8805-4598-4FB9-8FD0-D066E2AFC27D}.Debug|Any CPU.Build.0 = Debug|Any CPU
		{A65D8805-4598-4FB9-8FD0-D066E2AFC27D}.Release|Any CPU.ActiveCfg = Release|Any CPU
		{A65D8805-4598-4FB9-8FD0-D066E2AFC27D}.Release|Any CPU.Build.0 = Release|Any CPU
	EndGlobalSection
	GlobalSection(SolutionProperties) = preSolution
		HideSolutionNode = FALSE
	EndGlobalSection
	GlobalSection(ExtensibilityGlobals) = postSolution
		SolutionGuid = {F7E2663A-3175-42A6-AF8B-714D0AE22BFB}
	EndGlobalSection
EndGlobal
